// !$*UTF8*$!
{
	archiveVersion = 1;
	classes = {
	};
	objectVersion = 46;
	objects = {

/* Begin PBXBuildFile section */
		740692EB19A0EF7C0036CB61 /* AccountsViewController.m in Sources */ = {isa = PBXBuildFile; fileRef = 740692EA19A0EF7C0036CB61 /* AccountsViewController.m */; };
		7414C8E91923B78200084BC3 /* Foundation.framework in Frameworks */ = {isa = PBXBuildFile; fileRef = 7414C8E81923B78200084BC3 /* Foundation.framework */; };
		7414C8EB1923B78200084BC3 /* CoreGraphics.framework in Frameworks */ = {isa = PBXBuildFile; fileRef = 7414C8EA1923B78200084BC3 /* CoreGraphics.framework */; };
		7414C8ED1923B78200084BC3 /* UIKit.framework in Frameworks */ = {isa = PBXBuildFile; fileRef = 7414C8EC1923B78200084BC3 /* UIKit.framework */; };
		7414C8F31923B78200084BC3 /* InfoPlist.strings in Resources */ = {isa = PBXBuildFile; fileRef = 7414C8F11923B78200084BC3 /* InfoPlist.strings */; };
		7414C8F51923B78200084BC3 /* main.m in Sources */ = {isa = PBXBuildFile; fileRef = 7414C8F41923B78200084BC3 /* main.m */; };
		7414C8F91923B78200084BC3 /* AppDelegate.m in Sources */ = {isa = PBXBuildFile; fileRef = 7414C8F81923B78200084BC3 /* AppDelegate.m */; };
		7414C8FB1923B78300084BC3 /* Images.xcassets in Resources */ = {isa = PBXBuildFile; fileRef = 7414C8FA1923B78300084BC3 /* Images.xcassets */; };
		7414C95F1923C13400084BC3 /* LoginViewController.m in Sources */ = {isa = PBXBuildFile; fileRef = 7414C95B1923C13400084BC3 /* LoginViewController.m */; };
		7414C9601923C13400084BC3 /* MainViewController.m in Sources */ = {isa = PBXBuildFile; fileRef = 7414C95C1923C13400084BC3 /* MainViewController.m */; };
		7414C9781923C22F00084BC3 /* logo-obp.JPG in Resources */ = {isa = PBXBuildFile; fileRef = 7414C9761923C22F00084BC3 /* logo-obp.JPG */; };
		744B412D199E91C300EBDA6D /* DetailsViewController.m in Sources */ = {isa = PBXBuildFile; fileRef = 744B412C199E91C300EBDA6D /* DetailsViewController.m */; };
		744B412F199F76A500EBDA6D /* Logo_Text_small.png in Resources */ = {isa = PBXBuildFile; fileRef = 744B412E199F76A500EBDA6D /* Logo_Text_small.png */; };
		746A94A519A2871000C935BC /* AboutViewController.m in Sources */ = {isa = PBXBuildFile; fileRef = 746A94A419A2871000C935BC /* AboutViewController.m */; };
		AE87F3811C5673F700D09FBC /* Main.storyboard in Resources */ = {isa = PBXBuildFile; fileRef = AE87F3801C5673F700D09FBC /* Main.storyboard */; };
		AE87F3831C567C1B00D09FBC /* Launch Screen.storyboard in Resources */ = {isa = PBXBuildFile; fileRef = AE87F3821C567C1B00D09FBC /* Launch Screen.storyboard */; };
		AEBAD2DC1C8EE66D00165DB0 /* OAuthCore.framework in Embed Frameworks */ = {isa = PBXBuildFile; fileRef = AEBAD1FC1C8EE34C00165DB0 /* OAuthCore.framework */; settings = {ATTRIBUTES = (CodeSignOnCopy, RemoveHeadersOnCopy, ); }; };
		AEBAD2DE1C8EE66D00165DB0 /* OBPKit.framework in Embed Frameworks */ = {isa = PBXBuildFile; fileRef = AEBAD1FE1C8EE34C00165DB0 /* OBPKit.framework */; settings = {ATTRIBUTES = (CodeSignOnCopy, RemoveHeadersOnCopy, ); }; };
		AEBAD2E01C8EE66D00165DB0 /* STHTTPRequest.framework in Embed Frameworks */ = {isa = PBXBuildFile; fileRef = AEBAD2001C8EE34D00165DB0 /* STHTTPRequest.framework */; settings = {ATTRIBUTES = (CodeSignOnCopy, RemoveHeadersOnCopy, ); }; };
		AEBAD2E21C8EE66D00165DB0 /* UICKeyChainStore.framework in Embed Frameworks */ = {isa = PBXBuildFile; fileRef = AEBAD2021C8EE34D00165DB0 /* UICKeyChainStore.framework */; settings = {ATTRIBUTES = (CodeSignOnCopy, RemoveHeadersOnCopy, ); }; };
		AEC08DED1C57DBE5002E2AA7 /* Security.framework in Frameworks */ = {isa = PBXBuildFile; fileRef = AEC08DEC1C57DBE5002E2AA7 /* Security.framework */; };
/* End PBXBuildFile section */

/* Begin PBXCopyFilesBuildPhase section */
		AEBAD2E31C8EE66D00165DB0 /* Embed Frameworks */ = {
			isa = PBXCopyFilesBuildPhase;
			buildActionMask = 2147483647;
			dstPath = "";
			dstSubfolderSpec = 10;
			files = (
				AEBAD2E21C8EE66D00165DB0 /* UICKeyChainStore.framework in Embed Frameworks */,
				AEBAD2E01C8EE66D00165DB0 /* STHTTPRequest.framework in Embed Frameworks */,
				AEBAD2DC1C8EE66D00165DB0 /* OAuthCore.framework in Embed Frameworks */,
				AEBAD2DE1C8EE66D00165DB0 /* OBPKit.framework in Embed Frameworks */,
			);
			name = "Embed Frameworks";
			runOnlyForDeploymentPostprocessing = 0;
		};
/* End PBXCopyFilesBuildPhase section */

/* Begin PBXFileReference section */
		740692E919A0EF7C0036CB61 /* AccountsViewController.h */ = {isa = PBXFileReference; fileEncoding = 4; lastKnownFileType = sourcecode.c.h; path = AccountsViewController.h; sourceTree = "<group>"; };
		740692EA19A0EF7C0036CB61 /* AccountsViewController.m */ = {isa = PBXFileReference; fileEncoding = 4; lastKnownFileType = sourcecode.c.objc; path = AccountsViewController.m; sourceTree = "<group>"; };
		7414C8E51923B78200084BC3 /* HelloOBP-iOS.app */ = {isa = PBXFileReference; explicitFileType = wrapper.application; includeInIndex = 0; path = "HelloOBP-iOS.app"; sourceTree = BUILT_PRODUCTS_DIR; };
		7414C8E81923B78200084BC3 /* Foundation.framework */ = {isa = PBXFileReference; lastKnownFileType = wrapper.framework; name = Foundation.framework; path = System/Library/Frameworks/Foundation.framework; sourceTree = SDKROOT; };
		7414C8EA1923B78200084BC3 /* CoreGraphics.framework */ = {isa = PBXFileReference; lastKnownFileType = wrapper.framework; name = CoreGraphics.framework; path = System/Library/Frameworks/CoreGraphics.framework; sourceTree = SDKROOT; };
		7414C8EC1923B78200084BC3 /* UIKit.framework */ = {isa = PBXFileReference; lastKnownFileType = wrapper.framework; name = UIKit.framework; path = System/Library/Frameworks/UIKit.framework; sourceTree = SDKROOT; };
		7414C8F01923B78200084BC3 /* HelloOBP-iOS-Info.plist */ = {isa = PBXFileReference; lastKnownFileType = text.plist.xml; path = "HelloOBP-iOS-Info.plist"; sourceTree = "<group>"; };
		7414C8F21923B78200084BC3 /* en */ = {isa = PBXFileReference; lastKnownFileType = text.plist.strings; name = en; path = en.lproj/InfoPlist.strings; sourceTree = "<group>"; };
		7414C8F41923B78200084BC3 /* main.m */ = {isa = PBXFileReference; lastKnownFileType = sourcecode.c.objc; path = main.m; sourceTree = "<group>"; };
		7414C8F61923B78200084BC3 /* HelloOBP-iOS-Prefix.pch */ = {isa = PBXFileReference; lastKnownFileType = sourcecode.c.h; path = "HelloOBP-iOS-Prefix.pch"; sourceTree = "<group>"; };
		7414C8F71923B78200084BC3 /* AppDelegate.h */ = {isa = PBXFileReference; lastKnownFileType = sourcecode.c.h; path = AppDelegate.h; sourceTree = "<group>"; };
		7414C8F81923B78200084BC3 /* AppDelegate.m */ = {isa = PBXFileReference; lastKnownFileType = sourcecode.c.objc; path = AppDelegate.m; sourceTree = "<group>"; };
		7414C8FA1923B78300084BC3 /* Images.xcassets */ = {isa = PBXFileReference; lastKnownFileType = folder.assetcatalog; path = Images.xcassets; sourceTree = "<group>"; };
		7414C95B1923C13400084BC3 /* LoginViewController.m */ = {isa = PBXFileReference; fileEncoding = 4; lastKnownFileType = sourcecode.c.objc; path = LoginViewController.m; sourceTree = "<group>"; };
		7414C95C1923C13400084BC3 /* MainViewController.m */ = {isa = PBXFileReference; fileEncoding = 4; lastKnownFileType = sourcecode.c.objc; path = MainViewController.m; sourceTree = "<group>"; };
		7414C95D1923C13400084BC3 /* LoginViewController.h */ = {isa = PBXFileReference; fileEncoding = 4; lastKnownFileType = sourcecode.c.h; path = LoginViewController.h; sourceTree = "<group>"; };
		7414C95E1923C13400084BC3 /* MainViewController.h */ = {isa = PBXFileReference; fileEncoding = 4; lastKnownFileType = sourcecode.c.h; path = MainViewController.h; sourceTree = "<group>"; };
		7414C9761923C22F00084BC3 /* logo-obp.JPG */ = {isa = PBXFileReference; lastKnownFileType = image.jpeg; path = "logo-obp.JPG"; sourceTree = "<group>"; };
		744B412B199E91C300EBDA6D /* DetailsViewController.h */ = {isa = PBXFileReference; fileEncoding = 4; lastKnownFileType = sourcecode.c.h; path = DetailsViewController.h; sourceTree = "<group>"; };
		744B412C199E91C300EBDA6D /* DetailsViewController.m */ = {isa = PBXFileReference; fileEncoding = 4; lastKnownFileType = sourcecode.c.objc; path = DetailsViewController.m; sourceTree = "<group>"; };
		744B412E199F76A500EBDA6D /* Logo_Text_small.png */ = {isa = PBXFileReference; lastKnownFileType = image.png; path = Logo_Text_small.png; sourceTree = "<group>"; };
		746A94A319A2871000C935BC /* AboutViewController.h */ = {isa = PBXFileReference; fileEncoding = 4; lastKnownFileType = sourcecode.c.h; path = AboutViewController.h; sourceTree = "<group>"; };
		746A94A419A2871000C935BC /* AboutViewController.m */ = {isa = PBXFileReference; fileEncoding = 4; lastKnownFileType = sourcecode.c.objc; path = AboutViewController.m; sourceTree = "<group>"; };
		AE2820371CC1114100BC0AAC /* copy-carthage-built-frameworks-to-built-products.sh */ = {isa = PBXFileReference; lastKnownFileType = text.script.sh; path = "copy-carthage-built-frameworks-to-built-products.sh"; sourceTree = "<group>"; };
		AE2820381CC1114100BC0AAC /* create-dynamic-xcconfigs.sh */ = {isa = PBXFileReference; lastKnownFileType = text.script.sh; path = "create-dynamic-xcconfigs.sh"; sourceTree = "<group>"; };
		AE2820391CC1114100BC0AAC /* LICENSE */ = {isa = PBXFileReference; lastKnownFileType = text; path = LICENSE; sourceTree = "<group>"; };
		AE28203A1CC1114100BC0AAC /* README.md */ = {isa = PBXFileReference; lastKnownFileType = net.daringfireball.markdown; path = README.md; sourceTree = "<group>"; };
		AE28203B1CC1396600BC0AAC /* Cartfile */ = {isa = PBXFileReference; lastKnownFileType = text; path = Cartfile; sourceTree = "<group>"; };
		AE28203C1CC1396600BC0AAC /* LICENSE.txt */ = {isa = PBXFileReference; lastKnownFileType = text; path = LICENSE.txt; sourceTree = "<group>"; };
		AE28203D1CC1396600BC0AAC /* Podfile */ = {isa = PBXFileReference; lastKnownFileType = text; path = Podfile; sourceTree = "<group>"; };
		AE28203E1CC1396600BC0AAC /* README.md */ = {isa = PBXFileReference; lastKnownFileType = net.daringfireball.markdown; path = README.md; sourceTree = "<group>"; };
		AE3B29501CB5913C0012E56E /* Debug(dynamic).xcconfig */ = {isa = PBXFileReference; lastKnownFileType = text.xcconfig; path = "Debug(dynamic).xcconfig"; sourceTree = "<group>"; };
		AE3B29511CB5913C0012E56E /* Release(dynamic).xcconfig */ = {isa = PBXFileReference; lastKnownFileType = text.xcconfig; path = "Release(dynamic).xcconfig"; sourceTree = "<group>"; };
		AE3B29521CB5913C0012E56E /* Common.xcconfig */ = {isa = PBXFileReference; lastKnownFileType = text.xcconfig; path = Common.xcconfig; sourceTree = "<group>"; };
		AE87F3801C5673F700D09FBC /* Main.storyboard */ = {isa = PBXFileReference; fileEncoding = 4; lastKnownFileType = file.storyboard; path = Main.storyboard; sourceTree = "<group>"; };
		AE87F3821C567C1B00D09FBC /* Launch Screen.storyboard */ = {isa = PBXFileReference; fileEncoding = 4; lastKnownFileType = file.storyboard; path = "Launch Screen.storyboard"; sourceTree = "<group>"; };
		AE982B231CB78EB40020D935 /* Debug(carthage).xcconfig */ = {isa = PBXFileReference; lastKnownFileType = text.xcconfig; path = "Debug(carthage).xcconfig"; sourceTree = "<group>"; };
		AE982B241CB78EB50020D935 /* Release(carthage).xcconfig */ = {isa = PBXFileReference; lastKnownFileType = text.xcconfig; path = "Release(carthage).xcconfig"; sourceTree = "<group>"; };
		AE982B251CB78EC30020D935 /* Debug(cocoapods).xcconfig */ = {isa = PBXFileReference; lastKnownFileType = text.xcconfig; path = "Debug(cocoapods).xcconfig"; sourceTree = "<group>"; };
		AE982B261CB78EC30020D935 /* Release(cocoapods).xcconfig */ = {isa = PBXFileReference; lastKnownFileType = text.xcconfig; path = "Release(cocoapods).xcconfig"; sourceTree = "<group>"; };
		AEBAD1FC1C8EE34C00165DB0 /* OAuthCore.framework */ = {isa = PBXFileReference; lastKnownFileType = wrapper.framework; path = OAuthCore.framework; sourceTree = BUILT_PRODUCTS_DIR; };
		AEBAD1FE1C8EE34C00165DB0 /* OBPKit.framework */ = {isa = PBXFileReference; lastKnownFileType = wrapper.framework; path = OBPKit.framework; sourceTree = BUILT_PRODUCTS_DIR; };
		AEBAD2001C8EE34D00165DB0 /* STHTTPRequest.framework */ = {isa = PBXFileReference; lastKnownFileType = wrapper.framework; path = STHTTPRequest.framework; sourceTree = BUILT_PRODUCTS_DIR; };
		AEBAD2021C8EE34D00165DB0 /* UICKeyChainStore.framework */ = {isa = PBXFileReference; lastKnownFileType = wrapper.framework; path = UICKeyChainStore.framework; sourceTree = BUILT_PRODUCTS_DIR; };
		AEC08DEC1C57DBE5002E2AA7 /* Security.framework */ = {isa = PBXFileReference; lastKnownFileType = wrapper.framework; name = Security.framework; path = System/Library/Frameworks/Security.framework; sourceTree = SDKROOT; };
		AEC15E581C57FC3200E5FA59 /* DefaultServerDetails.h */ = {isa = PBXFileReference; lastKnownFileType = sourcecode.c.h; path = DefaultServerDetails.h; sourceTree = "<group>"; };
/* End PBXFileReference section */

/* Begin PBXFrameworksBuildPhase section */
		7414C8E21923B78200084BC3 /* Frameworks */ = {
			isa = PBXFrameworksBuildPhase;
			buildActionMask = 2147483647;
			files = (
				AEC08DED1C57DBE5002E2AA7 /* Security.framework in Frameworks */,
				7414C8EB1923B78200084BC3 /* CoreGraphics.framework in Frameworks */,
				7414C8ED1923B78200084BC3 /* UIKit.framework in Frameworks */,
				7414C8E91923B78200084BC3 /* Foundation.framework in Frameworks */,
			);
			runOnlyForDeploymentPostprocessing = 0;
		};
/* End PBXFrameworksBuildPhase section */

/* Begin PBXGroup section */
		7414C8DC1923B78200084BC3 = {
			isa = PBXGroup;
			children = (
				7414C8EE1923B78200084BC3 /* HelloOBP-iOS */,
				AE3B294E1CB5913C0012E56E /* Config */,
				AE3B29531CB593180012E56E /* Scripts */,
				AE2820401CC1397700BC0AAC /* Supporting */,
				7414C8E71923B78200084BC3 /* Frameworks */,
				7414C8E61923B78200084BC3 /* Products */,
			);
			sourceTree = "<group>";
		};
		7414C8E61923B78200084BC3 /* Products */ = {
			isa = PBXGroup;
			children = (
				7414C8E51923B78200084BC3 /* HelloOBP-iOS.app */,
			);
			name = Products;
			sourceTree = "<group>";
		};
		7414C8E71923B78200084BC3 /* Frameworks */ = {
			isa = PBXGroup;
			children = (
				AEBAD1FC1C8EE34C00165DB0 /* OAuthCore.framework */,
				AEBAD1FE1C8EE34C00165DB0 /* OBPKit.framework */,
				AEBAD2001C8EE34D00165DB0 /* STHTTPRequest.framework */,
				AEBAD2021C8EE34D00165DB0 /* UICKeyChainStore.framework */,
				AEC08DEC1C57DBE5002E2AA7 /* Security.framework */,
				7414C8E81923B78200084BC3 /* Foundation.framework */,
				7414C8EA1923B78200084BC3 /* CoreGraphics.framework */,
				7414C8EC1923B78200084BC3 /* UIKit.framework */,
			);
			name = Frameworks;
			sourceTree = "<group>";
		};
		7414C8EE1923B78200084BC3 /* HelloOBP-iOS */ = {
			isa = PBXGroup;
			children = (
				AE87F3701C56502B00D09FBC /* Main */,
				AE87F3721C56503B00D09FBC /* UI */,
				AE87F3741C56504900D09FBC /* Res */,
			);
			path = "HelloOBP-iOS";
			sourceTree = "<group>";
		};
		AE2820361CC1114100BC0AAC /* CCPScripts */ = {
			isa = PBXGroup;
			children = (
				AE2820371CC1114100BC0AAC /* copy-carthage-built-frameworks-to-built-products.sh */,
				AE2820381CC1114100BC0AAC /* create-dynamic-xcconfigs.sh */,
				AE2820391CC1114100BC0AAC /* LICENSE */,
				AE28203A1CC1114100BC0AAC /* README.md */,
			);
			path = CCPScripts;
			sourceTree = "<group>";
		};
		AE2820401CC1397700BC0AAC /* Supporting */ = {
			isa = PBXGroup;
			children = (
				AE28203E1CC1396600BC0AAC /* README.md */,
				AE28203C1CC1396600BC0AAC /* LICENSE.txt */,
				AE28203B1CC1396600BC0AAC /* Cartfile */,
				AE28203D1CC1396600BC0AAC /* Podfile */,
			);
			name = Supporting;
			sourceTree = "<group>";
		};
		AE3B294E1CB5913C0012E56E /* Config */ = {
			isa = PBXGroup;
			children = (
				AE3B29501CB5913C0012E56E /* Debug(dynamic).xcconfig */,
				AE3B29511CB5913C0012E56E /* Release(dynamic).xcconfig */,
				AE3B29521CB5913C0012E56E /* Common.xcconfig */,
				AE982B231CB78EB40020D935 /* Debug(carthage).xcconfig */,
				AE982B241CB78EB50020D935 /* Release(carthage).xcconfig */,
				AE982B251CB78EC30020D935 /* Debug(cocoapods).xcconfig */,
				AE982B261CB78EC30020D935 /* Release(cocoapods).xcconfig */,
			);
			path = Config;
			sourceTree = "<group>";
		};
		AE3B29531CB593180012E56E /* Scripts */ = {
			isa = PBXGroup;
			children = (
				AE2820361CC1114100BC0AAC /* CCPScripts */,
			);
			path = Scripts;
			sourceTree = "<group>";
		};
		AE87F3701C56502B00D09FBC /* Main */ = {
			isa = PBXGroup;
			children = (
				7414C8F01923B78200084BC3 /* HelloOBP-iOS-Info.plist */,
				7414C8F61923B78200084BC3 /* HelloOBP-iOS-Prefix.pch */,
				7414C8F41923B78200084BC3 /* main.m */,
				7414C8F71923B78200084BC3 /* AppDelegate.h */,
				7414C8F81923B78200084BC3 /* AppDelegate.m */,
				AEC15E581C57FC3200E5FA59 /* DefaultServerDetails.h */,
			);
			path = Main;
			sourceTree = "<group>";
		};
		AE87F3721C56503B00D09FBC /* UI */ = {
			isa = PBXGroup;
			children = (
				7414C95D1923C13400084BC3 /* LoginViewController.h */,
				7414C95B1923C13400084BC3 /* LoginViewController.m */,
				7414C95E1923C13400084BC3 /* MainViewController.h */,
				7414C95C1923C13400084BC3 /* MainViewController.m */,
				740692E919A0EF7C0036CB61 /* AccountsViewController.h */,
				740692EA19A0EF7C0036CB61 /* AccountsViewController.m */,
				744B412B199E91C300EBDA6D /* DetailsViewController.h */,
				744B412C199E91C300EBDA6D /* DetailsViewController.m */,
				746A94A319A2871000C935BC /* AboutViewController.h */,
				746A94A419A2871000C935BC /* AboutViewController.m */,
			);
			path = UI;
			sourceTree = "<group>";
		};
		AE87F3741C56504900D09FBC /* Res */ = {
			isa = PBXGroup;
			children = (
				7414C8F11923B78200084BC3 /* InfoPlist.strings */,
				AE87F3821C567C1B00D09FBC /* Launch Screen.storyboard */,
				AE87F3801C5673F700D09FBC /* Main.storyboard */,
				7414C8FA1923B78300084BC3 /* Images.xcassets */,
				744B412E199F76A500EBDA6D /* Logo_Text_small.png */,
				7414C9761923C22F00084BC3 /* logo-obp.JPG */,
			);
			path = Res;
			sourceTree = "<group>";
		};
/* End PBXGroup section */

/* Begin PBXNativeTarget section */
		7414C8E41923B78200084BC3 /* HelloOBP-iOS */ = {
			isa = PBXNativeTarget;
			buildConfigurationList = 7414C9111923B78300084BC3 /* Build configuration list for PBXNativeTarget "HelloOBP-iOS" */;
			buildPhases = (
				AE85F24D1CB59C3400FAC628 /* Make Carthage Build Directory */,
				7414C8E11923B78200084BC3 /* Sources */,
				AE3B29551CB593520012E56E /* Copy Frameworks built by Carthage */,
				7414C8E21923B78200084BC3 /* Frameworks */,
				AEBAD2E31C8EE66D00165DB0 /* Embed Frameworks */,
				7414C8E31923B78200084BC3 /* Resources */,
			);
			buildRules = (
			);
			dependencies = (
			);
			name = "HelloOBP-iOS";
			productName = "HelloOBP-iOS";
			productReference = 7414C8E51923B78200084BC3 /* HelloOBP-iOS.app */;
			productType = "com.apple.product-type.application";
		};
/* End PBXNativeTarget section */

/* Begin PBXProject section */
		7414C8DD1923B78200084BC3 /* Project object */ = {
			isa = PBXProject;
			attributes = {
				LastUpgradeCheck = 0720;
				ORGANIZATIONNAME = TESOBE;
			};
			buildConfigurationList = 7414C8E01923B78200084BC3 /* Build configuration list for PBXProject "HelloOBP-iOS" */;
			compatibilityVersion = "Xcode 3.2";
			developmentRegion = English;
			hasScannedForEncodings = 0;
			knownRegions = (
				en,
			);
			mainGroup = 7414C8DC1923B78200084BC3;
			productRefGroup = 7414C8E61923B78200084BC3 /* Products */;
			projectDirPath = "";
			projectRoot = "";
			targets = (
				7414C8E41923B78200084BC3 /* HelloOBP-iOS */,
			);
		};
/* End PBXProject section */

/* Begin PBXResourcesBuildPhase section */
		7414C8E31923B78200084BC3 /* Resources */ = {
			isa = PBXResourcesBuildPhase;
			buildActionMask = 2147483647;
			files = (
				7414C8F31923B78200084BC3 /* InfoPlist.strings in Resources */,
				744B412F199F76A500EBDA6D /* Logo_Text_small.png in Resources */,
				AE87F3811C5673F700D09FBC /* Main.storyboard in Resources */,
				7414C8FB1923B78300084BC3 /* Images.xcassets in Resources */,
				AE87F3831C567C1B00D09FBC /* Launch Screen.storyboard in Resources */,
				7414C9781923C22F00084BC3 /* logo-obp.JPG in Resources */,
			);
			runOnlyForDeploymentPostprocessing = 0;
		};
/* End PBXResourcesBuildPhase section */

/* Begin PBXShellScriptBuildPhase section */
		AE3B29551CB593520012E56E /* Copy Frameworks built by Carthage */ = {
			isa = PBXShellScriptBuildPhase;
			buildActionMask = 2147483647;
			files = (
			);
			inputPaths = (
				"$(CARTHAGE_BUILD_PLATFORM_DIR)/OAuthCore.framework",
				"$(CARTHAGE_BUILD_PLATFORM_DIR)/OBPKit.framework",
				"$(CARTHAGE_BUILD_PLATFORM_DIR)/STHTTPRequest.framework",
				"$(CARTHAGE_BUILD_PLATFORM_DIR)/UICKeyChainStore.framework",
			);
			name = "Copy Frameworks built by Carthage";
			outputPaths = (
			);
			runOnlyForDeploymentPostprocessing = 0;
			shellPath = /bin/sh;
			shellScript = "if [[ -n \"${CARTHAGE_BUILD_PLATFORM_DIR}\" ]]; then\n    Scripts/CCPScripts/copy-carthage-built-frameworks-to-built-products.sh\nfi";
		};
		AE85F24D1CB59C3400FAC628 /* Make Carthage Build Directory */ = {
			isa = PBXShellScriptBuildPhase;
			buildActionMask = 2147483647;
			files = (
			);
			inputPaths = (
			);
			name = "Make Carthage Build Directory";
			outputPaths = (
			);
			runOnlyForDeploymentPostprocessing = 0;
			shellPath = /bin/sh;
			shellScript = "if ! [[ -z \"${CARTHAGE_BUILD_PLATFORM_DIR}\" || -e \"${CARTHAGE_BUILD_PLATFORM_DIR}\" ]] ; then\n    mkdir -p \"${CARTHAGE_BUILD_PLATFORM_DIR}\"\nfi";
		};
/* End PBXShellScriptBuildPhase section */

/* Begin PBXSourcesBuildPhase section */
		7414C8E11923B78200084BC3 /* Sources */ = {
			isa = PBXSourcesBuildPhase;
			buildActionMask = 2147483647;
			files = (
				744B412D199E91C300EBDA6D /* DetailsViewController.m in Sources */,
				7414C8F91923B78200084BC3 /* AppDelegate.m in Sources */,
				7414C8F51923B78200084BC3 /* main.m in Sources */,
				7414C9601923C13400084BC3 /* MainViewController.m in Sources */,
				7414C95F1923C13400084BC3 /* LoginViewController.m in Sources */,
				746A94A519A2871000C935BC /* AboutViewController.m in Sources */,
				740692EB19A0EF7C0036CB61 /* AccountsViewController.m in Sources */,
			);
			runOnlyForDeploymentPostprocessing = 0;
		};
/* End PBXSourcesBuildPhase section */

/* Begin PBXVariantGroup section */
		7414C8F11923B78200084BC3 /* InfoPlist.strings */ = {
			isa = PBXVariantGroup;
			children = (
				7414C8F21923B78200084BC3 /* en */,
			);
			name = InfoPlist.strings;
			sourceTree = "<group>";
		};
/* End PBXVariantGroup section */

/* Begin XCBuildConfiguration section */
		7414C90F1923B78300084BC3 /* Debug */ = {
			isa = XCBuildConfiguration;
			buildSettings = {
				ALWAYS_SEARCH_USER_PATHS = NO;
				CLANG_CXX_LANGUAGE_STANDARD = "gnu++0x";
				CLANG_CXX_LIBRARY = "libc++";
				CLANG_ENABLE_MODULES = YES;
				CLANG_ENABLE_OBJC_ARC = YES;
				CLANG_WARN_BOOL_CONVERSION = YES;
				CLANG_WARN_CONSTANT_CONVERSION = YES;
				CLANG_WARN_DIRECT_OBJC_ISA_USAGE = YES_ERROR;
				CLANG_WARN_EMPTY_BODY = YES;
				CLANG_WARN_ENUM_CONVERSION = YES;
				CLANG_WARN_INT_CONVERSION = YES;
				CLANG_WARN_OBJC_ROOT_CLASS = YES_ERROR;
				CLANG_WARN__DUPLICATE_METHOD_MATCH = YES;
				"CODE_SIGN_IDENTITY[sdk=iphoneos*]" = "iPhone Developer";
				COPY_PHASE_STRIP = NO;
				ENABLE_TESTABILITY = YES;
				GCC_C_LANGUAGE_STANDARD = gnu99;
				GCC_DYNAMIC_NO_PIC = NO;
				GCC_OPTIMIZATION_LEVEL = 0;
				GCC_PREPROCESSOR_DEFINITIONS = (
					"DEBUG=1",
					"$(inherited)",
				);
				GCC_SYMBOLS_PRIVATE_EXTERN = NO;
				GCC_WARN_64_TO_32_BIT_CONVERSION = YES;
				GCC_WARN_ABOUT_RETURN_TYPE = YES_ERROR;
				GCC_WARN_UNDECLARED_SELECTOR = YES;
				GCC_WARN_UNINITIALIZED_AUTOS = YES_AGGRESSIVE;
				GCC_WARN_UNUSED_FUNCTION = YES;
				GCC_WARN_UNUSED_VARIABLE = YES;
				IPHONEOS_DEPLOYMENT_TARGET = 7.1;
				ONLY_ACTIVE_ARCH = YES;
				SDKROOT = iphoneos;
			};
			name = Debug;
		};
		7414C9101923B78300084BC3 /* Release */ = {
			isa = XCBuildConfiguration;
			buildSettings = {
				ALWAYS_SEARCH_USER_PATHS = NO;
				CLANG_CXX_LANGUAGE_STANDARD = "gnu++0x";
				CLANG_CXX_LIBRARY = "libc++";
				CLANG_ENABLE_MODULES = YES;
				CLANG_ENABLE_OBJC_ARC = YES;
				CLANG_WARN_BOOL_CONVERSION = YES;
				CLANG_WARN_CONSTANT_CONVERSION = YES;
				CLANG_WARN_DIRECT_OBJC_ISA_USAGE = YES_ERROR;
				CLANG_WARN_EMPTY_BODY = YES;
				CLANG_WARN_ENUM_CONVERSION = YES;
				CLANG_WARN_INT_CONVERSION = YES;
				CLANG_WARN_OBJC_ROOT_CLASS = YES_ERROR;
				CLANG_WARN__DUPLICATE_METHOD_MATCH = YES;
				"CODE_SIGN_IDENTITY[sdk=iphoneos*]" = "iPhone Developer";
				COPY_PHASE_STRIP = YES;
				ENABLE_NS_ASSERTIONS = NO;
				GCC_C_LANGUAGE_STANDARD = gnu99;
				GCC_WARN_64_TO_32_BIT_CONVERSION = YES;
				GCC_WARN_ABOUT_RETURN_TYPE = YES_ERROR;
				GCC_WARN_UNDECLARED_SELECTOR = YES;
				GCC_WARN_UNINITIALIZED_AUTOS = YES_AGGRESSIVE;
				GCC_WARN_UNUSED_FUNCTION = YES;
				GCC_WARN_UNUSED_VARIABLE = YES;
				IPHONEOS_DEPLOYMENT_TARGET = 7.1;
				SDKROOT = iphoneos;
				VALIDATE_PRODUCT = YES;
			};
			name = Release;
		};
		7414C9121923B78300084BC3 /* Debug */ = {
			isa = XCBuildConfiguration;
			baseConfigurationReference = AE3B29501CB5913C0012E56E /* Debug(dynamic).xcconfig */;
			buildSettings = {
				ASSETCATALOG_COMPILER_APPICON_NAME = AppIcon;
				GCC_PRECOMPILE_PREFIX_HEADER = YES;
				GCC_PREFIX_HEADER = "HelloOBP-iOS/Main/HelloOBP-iOS-Prefix.pch";
				INFOPLIST_FILE = "HelloOBP-iOS/Main/HelloOBP-iOS-Info.plist";
				IPHONEOS_DEPLOYMENT_TARGET = 8.0;
				LD_RUNPATH_SEARCH_PATHS = "$(inherited) @executable_path/Frameworks";
				PRODUCT_BUNDLE_IDENTIFIER = "com.tesobe.${PRODUCT_NAME:rfc1034identifier}";
				PRODUCT_NAME = "$(TARGET_NAME)";
				PROVISIONING_PROFILE = "F6A61B20-D6BD-46E2-B610-3F92B6E2A881";
				WRAPPER_EXTENSION = app;
			};
			name = Debug;
		};
		7414C9131923B78300084BC3 /* Release */ = {
			isa = XCBuildConfiguration;
			baseConfigurationReference = AE3B29511CB5913C0012E56E /* Release(dynamic).xcconfig */;
			buildSettings = {
				ASSETCATALOG_COMPILER_APPICON_NAME = AppIcon;
				GCC_PRECOMPILE_PREFIX_HEADER = YES;
				GCC_PREFIX_HEADER = "HelloOBP-iOS/Main/HelloOBP-iOS-Prefix.pch";
				INFOPLIST_FILE = "HelloOBP-iOS/Main/HelloOBP-iOS-Info.plist";
				IPHONEOS_DEPLOYMENT_TARGET = 8.0;
				LD_RUNPATH_SEARCH_PATHS = "$(inherited) @executable_path/Frameworks";
				PRODUCT_BUNDLE_IDENTIFIER = "com.tesobe.${PRODUCT_NAME:rfc1034identifier}";
				PRODUCT_NAME = "$(TARGET_NAME)";
				PROVISIONING_PROFILE = "F6A61B20-D6BD-46E2-B610-3F92B6E2A881";
				WRAPPER_EXTENSION = app;
			};
			name = Release;
		};
/* End XCBuildConfiguration section */

/* Begin XCConfigurationList section */
		7414C8E01923B78200084BC3 /* Build configuration list for PBXProject "HelloOBP-iOS" */ = {
			isa = XCConfigurationList;
			buildConfigurations = (
				7414C90F1923B78300084BC3 /* Debug */,
				7414C9101923B78300084BC3 /* Release */,
			);
			defaultConfigurationIsVisible = 0;
			defaultConfigurationName = Release;
		};
		7414C9111923B78300084BC3 /* Build configuration list for PBXNativeTarget "HelloOBP-iOS" */ = {
			isa = XCConfigurationList;
			buildConfigurations = (
				7414C9121923B78300084BC3 /* Debug */,
				7414C9131923B78300084BC3 /* Release */,
			);
			defaultConfigurationIsVisible = 0;
			defaultConfigurationName = Release;
		};
/* End XCConfigurationList section */
	};
	rootObject = 7414C8DD1923B78200084BC3 /* Project object */;
}
