// !$*UTF8*$!
{
	archiveVersion = 1;
	classes = {
	};
	objectVersion = 46;
	objects = {

/* Begin PBXBuildFile section */
		740692EB19A0EF7C0036CB61 /* AccountsViewController.m in Sources */ = {isa = PBXBuildFile; fileRef = 740692EA19A0EF7C0036CB61 /* AccountsViewController.m */; };
		7414C8E91923B78200084BC3 /* Foundation.framework in Frameworks */ = {isa = PBXBuildFile; fileRef = 7414C8E81923B78200084BC3 /* Foundation.framework */; };
		7414C8EB1923B78200084BC3 /* CoreGraphics.framework in Frameworks */ = {isa = PBXBuildFile; fileRef = 7414C8EA1923B78200084BC3 /* CoreGraphics.framework */; };
		7414C8ED1923B78200084BC3 /* UIKit.framework in Frameworks */ = {isa = PBXBuildFile; fileRef = 7414C8EC1923B78200084BC3 /* UIKit.framework */; };
		7414C8F31923B78200084BC3 /* InfoPlist.strings in Resources */ = {isa = PBXBuildFile; fileRef = 7414C8F11923B78200084BC3 /* InfoPlist.strings */; };
		7414C8F51923B78200084BC3 /* main.m in Sources */ = {isa = PBXBuildFile; fileRef = 7414C8F41923B78200084BC3 /* main.m */; };
		7414C8F91923B78200084BC3 /* AppDelegate.m in Sources */ = {isa = PBXBuildFile; fileRef = 7414C8F81923B78200084BC3 /* AppDelegate.m */; };
		7414C8FB1923B78300084BC3 /* Images.xcassets in Resources */ = {isa = PBXBuildFile; fileRef = 7414C8FA1923B78300084BC3 /* Images.xcassets */; };
		7414C95F1923C13400084BC3 /* OAuthController.m in Sources */ = {isa = PBXBuildFile; fileRef = 7414C95B1923C13400084BC3 /* OAuthController.m */; };
		7414C9601923C13400084BC3 /* ViewController.m in Sources */ = {isa = PBXBuildFile; fileRef = 7414C95C1923C13400084BC3 /* ViewController.m */; };
		7414C96D1923C15700084BC3 /* README.md in Resources */ = {isa = PBXBuildFile; fileRef = 7414C9621923C15700084BC3 /* README.md */; };
		7414C96E1923C15700084BC3 /* STHTTPRequest.m in Sources */ = {isa = PBXBuildFile; fileRef = 7414C9641923C15700084BC3 /* STHTTPRequest.m */; };
		7414C96F1923C15700084BC3 /* LICENSE in Resources */ = {isa = PBXBuildFile; fileRef = 7414C9661923C15700084BC3 /* LICENSE */; };
		7414C9701923C15700084BC3 /* NSData+Base64.m in Sources */ = {isa = PBXBuildFile; fileRef = 7414C9681923C15700084BC3 /* NSData+Base64.m */; settings = {COMPILER_FLAGS = "-fno-objc-arc"; }; };
		7414C9711923C15700084BC3 /* OAuth+Additions.m in Sources */ = {isa = PBXBuildFile; fileRef = 7414C96A1923C15700084BC3 /* OAuth+Additions.m */; settings = {COMPILER_FLAGS = "-fno-objc-arc"; }; };
		7414C9721923C15700084BC3 /* OAuthCore.m in Sources */ = {isa = PBXBuildFile; fileRef = 7414C96C1923C15700084BC3 /* OAuthCore.m */; settings = {COMPILER_FLAGS = "-fno-objc-arc"; }; };
		7414C9781923C22F00084BC3 /* logo-obp.JPG in Resources */ = {isa = PBXBuildFile; fileRef = 7414C9761923C22F00084BC3 /* logo-obp.JPG */; };
		74195CF919A1FD61006E3F63 /* Main_iPhone5.storyboard in Resources */ = {isa = PBXBuildFile; fileRef = 74195CF819A1FD61006E3F63 /* Main_iPhone5.storyboard */; };
		74195CFC19A25B0A006E3F63 /* Main_iPhone4.storyboard in Resources */ = {isa = PBXBuildFile; fileRef = 74195CFB19A25B0A006E3F63 /* Main_iPhone4.storyboard */; };
		744B412D199E91C300EBDA6D /* DetailsViewController.m in Sources */ = {isa = PBXBuildFile; fileRef = 744B412C199E91C300EBDA6D /* DetailsViewController.m */; };
		744B412F199F76A500EBDA6D /* Logo_Text_small.png in Resources */ = {isa = PBXBuildFile; fileRef = 744B412E199F76A500EBDA6D /* Logo_Text_small.png */; };
		746A94A519A2871000C935BC /* AboutViewController.m in Sources */ = {isa = PBXBuildFile; fileRef = 746A94A419A2871000C935BC /* AboutViewController.m */; };
/* End PBXBuildFile section */

/* Begin PBXFileReference section */
		740692E919A0EF7C0036CB61 /* AccountsViewController.h */ = {isa = PBXFileReference; fileEncoding = 4; lastKnownFileType = sourcecode.c.h; path = AccountsViewController.h; sourceTree = "<group>"; };
		740692EA19A0EF7C0036CB61 /* AccountsViewController.m */ = {isa = PBXFileReference; fileEncoding = 4; lastKnownFileType = sourcecode.c.objc; path = AccountsViewController.m; sourceTree = "<group>"; };
		7414C8E51923B78200084BC3 /* Hello-OBP-OAuth1.0a-IOS.app */ = {isa = PBXFileReference; explicitFileType = wrapper.application; includeInIndex = 0; path = "Hello-OBP-OAuth1.0a-IOS.app"; sourceTree = BUILT_PRODUCTS_DIR; };
		7414C8E81923B78200084BC3 /* Foundation.framework */ = {isa = PBXFileReference; lastKnownFileType = wrapper.framework; name = Foundation.framework; path = System/Library/Frameworks/Foundation.framework; sourceTree = SDKROOT; };
		7414C8EA1923B78200084BC3 /* CoreGraphics.framework */ = {isa = PBXFileReference; lastKnownFileType = wrapper.framework; name = CoreGraphics.framework; path = System/Library/Frameworks/CoreGraphics.framework; sourceTree = SDKROOT; };
		7414C8EC1923B78200084BC3 /* UIKit.framework */ = {isa = PBXFileReference; lastKnownFileType = wrapper.framework; name = UIKit.framework; path = System/Library/Frameworks/UIKit.framework; sourceTree = SDKROOT; };
		7414C8F01923B78200084BC3 /* Hello-OBP-OAuth1.0a-IOS-Info.plist */ = {isa = PBXFileReference; lastKnownFileType = text.plist.xml; path = "Hello-OBP-OAuth1.0a-IOS-Info.plist"; sourceTree = "<group>"; };
		7414C8F21923B78200084BC3 /* en */ = {isa = PBXFileReference; lastKnownFileType = text.plist.strings; name = en; path = en.lproj/InfoPlist.strings; sourceTree = "<group>"; };
		7414C8F41923B78200084BC3 /* main.m */ = {isa = PBXFileReference; lastKnownFileType = sourcecode.c.objc; path = main.m; sourceTree = "<group>"; };
		7414C8F61923B78200084BC3 /* Hello-OBP-OAuth1.0a-IOS-Prefix.pch */ = {isa = PBXFileReference; lastKnownFileType = sourcecode.c.h; path = "Hello-OBP-OAuth1.0a-IOS-Prefix.pch"; sourceTree = "<group>"; };
		7414C8F71923B78200084BC3 /* AppDelegate.h */ = {isa = PBXFileReference; lastKnownFileType = sourcecode.c.h; path = AppDelegate.h; sourceTree = "<group>"; };
		7414C8F81923B78200084BC3 /* AppDelegate.m */ = {isa = PBXFileReference; lastKnownFileType = sourcecode.c.objc; path = AppDelegate.m; sourceTree = "<group>"; };
		7414C8FA1923B78300084BC3 /* Images.xcassets */ = {isa = PBXFileReference; lastKnownFileType = folder.assetcatalog; path = Images.xcassets; sourceTree = "<group>"; };
		7414C9011923B78300084BC3 /* XCTest.framework */ = {isa = PBXFileReference; lastKnownFileType = wrapper.framework; name = XCTest.framework; path = Library/Frameworks/XCTest.framework; sourceTree = DEVELOPER_DIR; };
		7414C95B1923C13400084BC3 /* OAuthController.m */ = {isa = PBXFileReference; fileEncoding = 4; lastKnownFileType = sourcecode.c.objc; path = OAuthController.m; sourceTree = "<group>"; };
		7414C95C1923C13400084BC3 /* ViewController.m */ = {isa = PBXFileReference; fileEncoding = 4; lastKnownFileType = sourcecode.c.objc; path = ViewController.m; sourceTree = "<group>"; };
		7414C95D1923C13400084BC3 /* OAuthController.h */ = {isa = PBXFileReference; fileEncoding = 4; lastKnownFileType = sourcecode.c.h; path = OAuthController.h; sourceTree = "<group>"; };
		7414C95E1923C13400084BC3 /* ViewController.h */ = {isa = PBXFileReference; fileEncoding = 4; lastKnownFileType = sourcecode.c.h; path = ViewController.h; sourceTree = "<group>"; };
		7414C9621923C15700084BC3 /* README.md */ = {isa = PBXFileReference; fileEncoding = 4; lastKnownFileType = text; path = README.md; sourceTree = "<group>"; };
		7414C9631923C15700084BC3 /* STHTTPRequest.h */ = {isa = PBXFileReference; fileEncoding = 4; lastKnownFileType = sourcecode.c.h; path = STHTTPRequest.h; sourceTree = "<group>"; };
		7414C9641923C15700084BC3 /* STHTTPRequest.m */ = {isa = PBXFileReference; fileEncoding = 4; lastKnownFileType = sourcecode.c.objc; path = STHTTPRequest.m; sourceTree = "<group>"; };
		7414C9661923C15700084BC3 /* LICENSE */ = {isa = PBXFileReference; fileEncoding = 4; lastKnownFileType = text; path = LICENSE; sourceTree = "<group>"; };
		7414C9671923C15700084BC3 /* NSData+Base64.h */ = {isa = PBXFileReference; fileEncoding = 4; lastKnownFileType = sourcecode.c.h; path = "NSData+Base64.h"; sourceTree = "<group>"; };
		7414C9681923C15700084BC3 /* NSData+Base64.m */ = {isa = PBXFileReference; fileEncoding = 4; lastKnownFileType = sourcecode.c.objc; path = "NSData+Base64.m"; sourceTree = "<group>"; };
		7414C9691923C15700084BC3 /* OAuth+Additions.h */ = {isa = PBXFileReference; fileEncoding = 4; lastKnownFileType = sourcecode.c.h; path = "OAuth+Additions.h"; sourceTree = "<group>"; };
		7414C96A1923C15700084BC3 /* OAuth+Additions.m */ = {isa = PBXFileReference; fileEncoding = 4; lastKnownFileType = sourcecode.c.objc; path = "OAuth+Additions.m"; sourceTree = "<group>"; };
		7414C96B1923C15700084BC3 /* OAuthCore.h */ = {isa = PBXFileReference; fileEncoding = 4; lastKnownFileType = sourcecode.c.h; path = OAuthCore.h; sourceTree = "<group>"; };
		7414C96C1923C15700084BC3 /* OAuthCore.m */ = {isa = PBXFileReference; fileEncoding = 4; lastKnownFileType = sourcecode.c.objc; path = OAuthCore.m; sourceTree = "<group>"; };
		7414C9761923C22F00084BC3 /* logo-obp.JPG */ = {isa = PBXFileReference; lastKnownFileType = image.jpeg; path = "logo-obp.JPG"; sourceTree = "<group>"; };
		74195CF819A1FD61006E3F63 /* Main_iPhone5.storyboard */ = {isa = PBXFileReference; fileEncoding = 4; lastKnownFileType = file.storyboard; path = Main_iPhone5.storyboard; sourceTree = "<group>"; };
		74195CFB19A25B0A006E3F63 /* Main_iPhone4.storyboard */ = {isa = PBXFileReference; fileEncoding = 4; lastKnownFileType = file.storyboard; path = Main_iPhone4.storyboard; sourceTree = "<group>"; };
		744B412B199E91C300EBDA6D /* DetailsViewController.h */ = {isa = PBXFileReference; fileEncoding = 4; lastKnownFileType = sourcecode.c.h; path = DetailsViewController.h; sourceTree = "<group>"; };
		744B412C199E91C300EBDA6D /* DetailsViewController.m */ = {isa = PBXFileReference; fileEncoding = 4; lastKnownFileType = sourcecode.c.objc; path = DetailsViewController.m; sourceTree = "<group>"; };
		744B412E199F76A500EBDA6D /* Logo_Text_small.png */ = {isa = PBXFileReference; lastKnownFileType = image.png; path = Logo_Text_small.png; sourceTree = "<group>"; };
		746A94A319A2871000C935BC /* AboutViewController.h */ = {isa = PBXFileReference; fileEncoding = 4; lastKnownFileType = sourcecode.c.h; path = AboutViewController.h; sourceTree = "<group>"; };
		746A94A419A2871000C935BC /* AboutViewController.m */ = {isa = PBXFileReference; fileEncoding = 4; lastKnownFileType = sourcecode.c.objc; path = AboutViewController.m; sourceTree = "<group>"; };
/* End PBXFileReference section */

/* Begin PBXFrameworksBuildPhase section */
		7414C8E21923B78200084BC3 /* Frameworks */ = {
			isa = PBXFrameworksBuildPhase;
			buildActionMask = 2147483647;
			files = (
				7414C8EB1923B78200084BC3 /* CoreGraphics.framework in Frameworks */,
				7414C8ED1923B78200084BC3 /* UIKit.framework in Frameworks */,
				7414C8E91923B78200084BC3 /* Foundation.framework in Frameworks */,
			);
			runOnlyForDeploymentPostprocessing = 0;
		};
/* End PBXFrameworksBuildPhase section */

/* Begin PBXGroup section */
		7414C8DC1923B78200084BC3 = {
			isa = PBXGroup;
			children = (
				7414C8EE1923B78200084BC3 /* Hello-OBP-OAuth1.0a-IOS */,
				7414C8E71923B78200084BC3 /* Frameworks */,
				7414C8E61923B78200084BC3 /* Products */,
			);
			sourceTree = "<group>";
		};
		7414C8E61923B78200084BC3 /* Products */ = {
			isa = PBXGroup;
			children = (
				7414C8E51923B78200084BC3 /* Hello-OBP-OAuth1.0a-IOS.app */,
			);
			name = Products;
			sourceTree = "<group>";
		};
		7414C8E71923B78200084BC3 /* Frameworks */ = {
			isa = PBXGroup;
			children = (
				7414C8E81923B78200084BC3 /* Foundation.framework */,
				7414C8EA1923B78200084BC3 /* CoreGraphics.framework */,
				7414C8EC1923B78200084BC3 /* UIKit.framework */,
				7414C9011923B78300084BC3 /* XCTest.framework */,
			);
			name = Frameworks;
			sourceTree = "<group>";
		};
		7414C8EE1923B78200084BC3 /* Hello-OBP-OAuth1.0a-IOS */ = {
			isa = PBXGroup;
			children = (
				74195CFB19A25B0A006E3F63 /* Main_iPhone4.storyboard */,
				74195CF819A1FD61006E3F63 /* Main_iPhone5.storyboard */,
				7414C95D1923C13400084BC3 /* OAuthController.h */,
				7414C95B1923C13400084BC3 /* OAuthController.m */,
				7414C95E1923C13400084BC3 /* ViewController.h */,
				7414C95C1923C13400084BC3 /* ViewController.m */,
				740692E919A0EF7C0036CB61 /* AccountsViewController.h */,
				740692EA19A0EF7C0036CB61 /* AccountsViewController.m */,
				744B412B199E91C300EBDA6D /* DetailsViewController.h */,
				744B412C199E91C300EBDA6D /* DetailsViewController.m */,
				746A94A319A2871000C935BC /* AboutViewController.h */,
				746A94A419A2871000C935BC /* AboutViewController.m */,
				7414C8F71923B78200084BC3 /* AppDelegate.h */,
				7414C8F81923B78200084BC3 /* AppDelegate.m */,
				7414C8FA1923B78300084BC3 /* Images.xcassets */,
				7414C8EF1923B78200084BC3 /* Supporting Files */,
			);
			path = "Hello-OBP-OAuth1.0a-IOS";
			sourceTree = "<group>";
		};
		7414C8EF1923B78200084BC3 /* Supporting Files */ = {
			isa = PBXGroup;
			children = (
				744B412E199F76A500EBDA6D /* Logo_Text_small.png */,
				7414C9761923C22F00084BC3 /* logo-obp.JPG */,
				7414C9611923C15700084BC3 /* STHTTPRequest */,
				7414C9651923C15700084BC3 /* OAuthCore */,
				7414C8F01923B78200084BC3 /* Hello-OBP-OAuth1.0a-IOS-Info.plist */,
				7414C8F11923B78200084BC3 /* InfoPlist.strings */,
				7414C8F41923B78200084BC3 /* main.m */,
				7414C8F61923B78200084BC3 /* Hello-OBP-OAuth1.0a-IOS-Prefix.pch */,
			);
			name = "Supporting Files";
			sourceTree = "<group>";
		};
		7414C9611923C15700084BC3 /* STHTTPRequest */ = {
			isa = PBXGroup;
			children = (
				7414C9621923C15700084BC3 /* README.md */,
				7414C9631923C15700084BC3 /* STHTTPRequest.h */,
				7414C9641923C15700084BC3 /* STHTTPRequest.m */,
			);
			path = STHTTPRequest;
			sourceTree = "<group>";
		};
		7414C9651923C15700084BC3 /* OAuthCore */ = {
			isa = PBXGroup;
			children = (
				7414C9661923C15700084BC3 /* LICENSE */,
				7414C9671923C15700084BC3 /* NSData+Base64.h */,
				7414C9681923C15700084BC3 /* NSData+Base64.m */,
				7414C9691923C15700084BC3 /* OAuth+Additions.h */,
				7414C96A1923C15700084BC3 /* OAuth+Additions.m */,
				7414C96B1923C15700084BC3 /* OAuthCore.h */,
				7414C96C1923C15700084BC3 /* OAuthCore.m */,
			);
			path = OAuthCore;
			sourceTree = "<group>";
		};
/* End PBXGroup section */

/* Begin PBXNativeTarget section */
		7414C8E41923B78200084BC3 /* Hello-OBP-OAuth1.0a-IOS */ = {
			isa = PBXNativeTarget;
			buildConfigurationList = 7414C9111923B78300084BC3 /* Build configuration list for PBXNativeTarget "Hello-OBP-OAuth1.0a-IOS" */;
			buildPhases = (
				7414C8E11923B78200084BC3 /* Sources */,
				7414C8E21923B78200084BC3 /* Frameworks */,
				7414C8E31923B78200084BC3 /* Resources */,
			);
			buildRules = (
			);
			dependencies = (
			);
			name = "Hello-OBP-OAuth1.0a-IOS";
			productName = "Hello-OBP-OAuth1.0a-IOS";
			productReference = 7414C8E51923B78200084BC3 /* Hello-OBP-OAuth1.0a-IOS.app */;
			productType = "com.apple.product-type.application";
		};
/* End PBXNativeTarget section */

/* Begin PBXProject section */
		7414C8DD1923B78200084BC3 /* Project object */ = {
			isa = PBXProject;
			attributes = {
				LastUpgradeCheck = 0510;
				ORGANIZATIONNAME = TESOBE;
			};
			buildConfigurationList = 7414C8E01923B78200084BC3 /* Build configuration list for PBXProject "Hello-OBP-OAuth1.0a-IOS" */;
			compatibilityVersion = "Xcode 3.2";
			developmentRegion = English;
			hasScannedForEncodings = 0;
			knownRegions = (
				en,
			);
			mainGroup = 7414C8DC1923B78200084BC3;
			productRefGroup = 7414C8E61923B78200084BC3 /* Products */;
			projectDirPath = "";
			projectRoot = "";
			targets = (
				7414C8E41923B78200084BC3 /* Hello-OBP-OAuth1.0a-IOS */,
			);
		};
/* End PBXProject section */

/* Begin PBXResourcesBuildPhase section */
		7414C8E31923B78200084BC3 /* Resources */ = {
			isa = PBXResourcesBuildPhase;
			buildActionMask = 2147483647;
			files = (
				7414C96D1923C15700084BC3 /* README.md in Resources */,
				74195CF919A1FD61006E3F63 /* Main_iPhone5.storyboard in Resources */,
				7414C8F31923B78200084BC3 /* InfoPlist.strings in Resources */,
				744B412F199F76A500EBDA6D /* Logo_Text_small.png in Resources */,
				74195CFC19A25B0A006E3F63 /* Main_iPhone4.storyboard in Resources */,
				7414C96F1923C15700084BC3 /* LICENSE in Resources */,
				7414C8FB1923B78300084BC3 /* Images.xcassets in Resources */,
				7414C9781923C22F00084BC3 /* logo-obp.JPG in Resources */,
			);
			runOnlyForDeploymentPostprocessing = 0;
		};
/* End PBXResourcesBuildPhase section */

/* Begin PBXSourcesBuildPhase section */
		7414C8E11923B78200084BC3 /* Sources */ = {
			isa = PBXSourcesBuildPhase;
			buildActionMask = 2147483647;
			files = (
				7414C9721923C15700084BC3 /* OAuthCore.m in Sources */,
				744B412D199E91C300EBDA6D /* DetailsViewController.m in Sources */,
				7414C9711923C15700084BC3 /* OAuth+Additions.m in Sources */,
				7414C8F91923B78200084BC3 /* AppDelegate.m in Sources */,
				7414C8F51923B78200084BC3 /* main.m in Sources */,
				7414C9601923C13400084BC3 /* ViewController.m in Sources */,
				7414C96E1923C15700084BC3 /* STHTTPRequest.m in Sources */,
				7414C95F1923C13400084BC3 /* OAuthController.m in Sources */,
				746A94A519A2871000C935BC /* AboutViewController.m in Sources */,
				740692EB19A0EF7C0036CB61 /* AccountsViewController.m in Sources */,
				7414C9701923C15700084BC3 /* NSData+Base64.m in Sources */,
			);
			runOnlyForDeploymentPostprocessing = 0;
		};
/* End PBXSourcesBuildPhase section */

/* Begin PBXVariantGroup section */
		7414C8F11923B78200084BC3 /* InfoPlist.strings */ = {
			isa = PBXVariantGroup;
			children = (
				7414C8F21923B78200084BC3 /* en */,
			);
			name = InfoPlist.strings;
			sourceTree = "<group>";
		};
/* End PBXVariantGroup section */

/* Begin XCBuildConfiguration section */
		7414C90F1923B78300084BC3 /* Debug */ = {
			isa = XCBuildConfiguration;
			buildSettings = {
				ALWAYS_SEARCH_USER_PATHS = NO;
				CLANG_CXX_LANGUAGE_STANDARD = "gnu++0x";
				CLANG_CXX_LIBRARY = "libc++";
				CLANG_ENABLE_MODULES = YES;
				CLANG_ENABLE_OBJC_ARC = YES;
				CLANG_WARN_BOOL_CONVERSION = YES;
				CLANG_WARN_CONSTANT_CONVERSION = YES;
				CLANG_WARN_DIRECT_OBJC_ISA_USAGE = YES_ERROR;
				CLANG_WARN_EMPTY_BODY = YES;
				CLANG_WARN_ENUM_CONVERSION = YES;
				CLANG_WARN_INT_CONVERSION = YES;
				CLANG_WARN_OBJC_ROOT_CLASS = YES_ERROR;
				CLANG_WARN__DUPLICATE_METHOD_MATCH = YES;
				"CODE_SIGN_IDENTITY[sdk=iphoneos*]" = "iPhone Developer";
				COPY_PHASE_STRIP = NO;
				GCC_C_LANGUAGE_STANDARD = gnu99;
				GCC_DYNAMIC_NO_PIC = NO;
				GCC_OPTIMIZATION_LEVEL = 0;
				GCC_PREPROCESSOR_DEFINITIONS = (
					"DEBUG=1",
					"$(inherited)",
				);
				GCC_SYMBOLS_PRIVATE_EXTERN = NO;
				GCC_WARN_64_TO_32_BIT_CONVERSION = YES;
				GCC_WARN_ABOUT_RETURN_TYPE = YES_ERROR;
				GCC_WARN_UNDECLARED_SELECTOR = YES;
				GCC_WARN_UNINITIALIZED_AUTOS = YES_AGGRESSIVE;
				GCC_WARN_UNUSED_FUNCTION = YES;
				GCC_WARN_UNUSED_VARIABLE = YES;
				IPHONEOS_DEPLOYMENT_TARGET = 7.1;
				ONLY_ACTIVE_ARCH = YES;
				SDKROOT = iphoneos;
			};
			name = Debug;
		};
		7414C9101923B78300084BC3 /* Release */ = {
			isa = XCBuildConfiguration;
			buildSettings = {
				ALWAYS_SEARCH_USER_PATHS = NO;
				CLANG_CXX_LANGUAGE_STANDARD = "gnu++0x";
				CLANG_CXX_LIBRARY = "libc++";
				CLANG_ENABLE_MODULES = YES;
				CLANG_ENABLE_OBJC_ARC = YES;
				CLANG_WARN_BOOL_CONVERSION = YES;
				CLANG_WARN_CONSTANT_CONVERSION = YES;
				CLANG_WARN_DIRECT_OBJC_ISA_USAGE = YES_ERROR;
				CLANG_WARN_EMPTY_BODY = YES;
				CLANG_WARN_ENUM_CONVERSION = YES;
				CLANG_WARN_INT_CONVERSION = YES;
				CLANG_WARN_OBJC_ROOT_CLASS = YES_ERROR;
				CLANG_WARN__DUPLICATE_METHOD_MATCH = YES;
				"CODE_SIGN_IDENTITY[sdk=iphoneos*]" = "iPhone Developer";
				COPY_PHASE_STRIP = YES;
				ENABLE_NS_ASSERTIONS = NO;
				GCC_C_LANGUAGE_STANDARD = gnu99;
				GCC_WARN_64_TO_32_BIT_CONVERSION = YES;
				GCC_WARN_ABOUT_RETURN_TYPE = YES_ERROR;
				GCC_WARN_UNDECLARED_SELECTOR = YES;
				GCC_WARN_UNINITIALIZED_AUTOS = YES_AGGRESSIVE;
				GCC_WARN_UNUSED_FUNCTION = YES;
				GCC_WARN_UNUSED_VARIABLE = YES;
				IPHONEOS_DEPLOYMENT_TARGET = 7.1;
				SDKROOT = iphoneos;
				VALIDATE_PRODUCT = YES;
			};
			name = Release;
		};
		7414C9121923B78300084BC3 /* Debug */ = {
			isa = XCBuildConfiguration;
			buildSettings = {
				ASSETCATALOG_COMPILER_APPICON_NAME = "AppIcon-1";
				ASSETCATALOG_COMPILER_LAUNCHIMAGE_NAME = LaunchImage;
				GCC_PRECOMPILE_PREFIX_HEADER = YES;
				GCC_PREFIX_HEADER = "Hello-OBP-OAuth1.0a-IOS/Hello-OBP-OAuth1.0a-IOS-Prefix.pch";
				INFOPLIST_FILE = "Hello-OBP-OAuth1.0a-IOS/Hello-OBP-OAuth1.0a-IOS-Info.plist";
				IPHONEOS_DEPLOYMENT_TARGET = 6.1;
				PRODUCT_NAME = "$(TARGET_NAME)";
				PROVISIONING_PROFILE = "F6A61B20-D6BD-46E2-B610-3F92B6E2A881";
				WRAPPER_EXTENSION = app;
			};
			name = Debug;
		};
		7414C9131923B78300084BC3 /* Release */ = {
			isa = XCBuildConfiguration;
			buildSettings = {
				ASSETCATALOG_COMPILER_APPICON_NAME = "AppIcon-1";
				ASSETCATALOG_COMPILER_LAUNCHIMAGE_NAME = LaunchImage;
				GCC_PRECOMPILE_PREFIX_HEADER = YES;
				GCC_PREFIX_HEADER = "Hello-OBP-OAuth1.0a-IOS/Hello-OBP-OAuth1.0a-IOS-Prefix.pch";
				INFOPLIST_FILE = "Hello-OBP-OAuth1.0a-IOS/Hello-OBP-OAuth1.0a-IOS-Info.plist";
				IPHONEOS_DEPLOYMENT_TARGET = 6.1;
				PRODUCT_NAME = "$(TARGET_NAME)";
				PROVISIONING_PROFILE = "F6A61B20-D6BD-46E2-B610-3F92B6E2A881";
				WRAPPER_EXTENSION = app;
			};
			name = Release;
		};
/* End XCBuildConfiguration section */

/* Begin XCConfigurationList section */
		7414C8E01923B78200084BC3 /* Build configuration list for PBXProject "Hello-OBP-OAuth1.0a-IOS" */ = {
			isa = XCConfigurationList;
			buildConfigurations = (
				7414C90F1923B78300084BC3 /* Debug */,
				7414C9101923B78300084BC3 /* Release */,
			);
			defaultConfigurationIsVisible = 0;
			defaultConfigurationName = Release;
		};
		7414C9111923B78300084BC3 /* Build configuration list for PBXNativeTarget "Hello-OBP-OAuth1.0a-IOS" */ = {
			isa = XCConfigurationList;
			buildConfigurations = (
				7414C9121923B78300084BC3 /* Debug */,
				7414C9131923B78300084BC3 /* Release */,
			);
			defaultConfigurationIsVisible = 0;
			defaultConfigurationName = Release;
		};
/* End XCConfigurationList section */
	};
	rootObject = 7414C8DD1923B78200084BC3 /* Project object */;
}
